
Microsoft Visual Studio Solution File, Format Version 12.00
# Visual Studio Version 17
VisualStudioVersion = 17.1.32104.313
MinimumVisualStudioVersion = 10.0.40219.1
Project("{9A19103F-16F7-4668-BE54-9A1E7A4F7556}") = "Jasoon", "Jasoon\Jasoon.csproj", "{1988321F-BE08-474C-8073-70B5CC7045E7}"
EndProject
Project("{9A19103F-16F7-4668-BE54-9A1E7A4F7556}") = "ConverterTests", "ConverterTests\ConverterTests.csproj", "{3F1423DA-CFC6-49D6-90C3-4654171617FE}"
EndProject
Project("{FAE04EC0-301F-11D3-BF4B-00C04F79EFBC}") = "Benchmarking", "Benchmarking\Benchmarking.csproj", "{88AD3048-99A0-4D7A-9A50-D9FFFBC90BDE}"
EndProject
Global
	GlobalSection(SolutionConfigurationPlatforms) = preSolution
		Debug|Any CPU = Debug|Any CPU
		Release|Any CPU = Release|Any CPU
	EndGlobalSection
	GlobalSection(ProjectConfigurationPlatforms) = postSolution
		{1988321F-BE08-474C-8073-70B5CC7045E7}.Debug|Any CPU.ActiveCfg = Debug|Any CPU
		{1988321F-BE08-474C-8073-70B5CC7045E7}.Debug|Any CPU.Build.0 = Debug|Any CPU
		{1988321F-BE08-474C-8073-70B5CC7045E7}.Release|Any CPU.ActiveCfg = Release|Any CPU
		{1988321F-BE08-474C-8073-70B5CC7045E7}.Release|Any CPU.Build.0 = Release|Any CPU
		{3F1423DA-CFC6-49D6-90C3-4654171617FE}.Debug|Any CPU.ActiveCfg = Debug|Any CPU
		{3F1423DA-CFC6-49D6-90C3-4654171617FE}.Debug|Any CPU.Build.0 = Debug|Any CPU
		{3F1423DA-CFC6-49D6-90C3-4654171617FE}.Release|Any CPU.ActiveCfg = Release|Any CPU
		{3F1423DA-CFC6-49D6-90C3-4654171617FE}.Release|Any CPU.Build.0 = Release|Any CPU
		{88AD3048-99A0-4D7A-9A50-D9FFFBC90BDE}.Debug|Any CPU.ActiveCfg = Debug|Any CPU
		{88AD3048-99A0-4D7A-9A50-D9FFFBC90BDE}.Debug|Any CPU.Build.0 = Debug|Any CPU
		{88AD3048-99A0-4D7A-9A50-D9FFFBC90BDE}.Release|Any CPU.ActiveCfg = Release|Any CPU
		{88AD3048-99A0-4D7A-9A50-D9FFFBC90BDE}.Release|Any CPU.Build.0 = Release|Any CPU
	EndGlobalSection
	GlobalSection(SolutionProperties) = preSolution
		HideSolutionNode = FALSE
	EndGlobalSection
	GlobalSection(ExtensibilityGlobals) = postSolution
		SolutionGuid = {617A73C6-2A31-412F-8AC8-92A09EF2FB98}
	EndGlobalSection
EndGlobal
